
Microsoft Visual Studio Solution File, Format Version 12.00
# Visual Studio Version 17
VisualStudioVersion = 17.11.35327.3
MinimumVisualStudioVersion = 10.0.40219.1
Project("{FAE04EC0-301F-11D3-BF4B-00C04F79EFBC}") = "PrimeraApp", "PrimeraApp\PrimeraApp.csproj", "{80BC0322-3ECB-4B2F-BE53-6C00AAB51EEA}"
EndProject
Global
	GlobalSection(SolutionConfigurationPlatforms) = preSolution
		Debug|Any CPU = Debug|Any CPU
		Release|Any CPU = Release|Any CPU
	EndGlobalSection
	GlobalSection(ProjectConfigurationPlatforms) = postSolution
		{80BC0322-3ECB-4B2F-BE53-6C00AAB51EEA}.Debug|Any CPU.ActiveCfg = Debug|Any CPU
		{80BC0322-3ECB-4B2F-BE53-6C00AAB51EEA}.Debug|Any CPU.Build.0 = Debug|Any CPU
		{80BC0322-3ECB-4B2F-BE53-6C00AAB51EEA}.Release|Any CPU.ActiveCfg = Release|Any CPU
		{80BC0322-3ECB-4B2F-BE53-6C00AAB51EEA}.Release|Any CPU.Build.0 = Release|Any CPU
	EndGlobalSection
	GlobalSection(SolutionProperties) = preSolution
		HideSolutionNode = FALSE
	EndGlobalSection
	GlobalSection(ExtensibilityGlobals) = postSolution
		SolutionGuid = {0CE47D78-08A1-4998-8A4B-6416F4A55641}
	EndGlobalSection
EndGlobal
